
Microsoft Visual Studio Solution File, Format Version 12.00
# Visual Studio Version 16
VisualStudioVersion = 16.0.29102.190
MinimumVisualStudioVersion = 10.0.40219.1
Project("{9A19103F-16F7-4668-BE54-9A1E7A4F7556}") = "DerivcoTestTask", "DerivcoTestTask\DerivcoTestTask.csproj", "{3EE7C120-25D2-4B53-8357-0C062DA35164}"
EndProject
Project("{FAE04EC0-301F-11D3-BF4B-00C04F79EFBC}") = "DerivcoTestTask.Tests", "DerivcoTeskTast.Tests\DerivcoTestTask.Tests.csproj", "{5FE64D30-9770-4C23-A80A-F583BC9435B1}"
EndProject
Global
	GlobalSection(SolutionConfigurationPlatforms) = preSolution
		Debug|Any CPU = Debug|Any CPU
		Release|Any CPU = Release|Any CPU
	EndGlobalSection
	GlobalSection(ProjectConfigurationPlatforms) = postSolution
		{3EE7C120-25D2-4B53-8357-0C062DA35164}.Debug|Any CPU.ActiveCfg = Debug|Any CPU
		{3EE7C120-25D2-4B53-8357-0C062DA35164}.Debug|Any CPU.Build.0 = Debug|Any CPU
		{3EE7C120-25D2-4B53-8357-0C062DA35164}.Release|Any CPU.ActiveCfg = Release|Any CPU
		{3EE7C120-25D2-4B53-8357-0C062DA35164}.Release|Any CPU.Build.0 = Release|Any CPU
		{5FE64D30-9770-4C23-A80A-F583BC9435B1}.Debug|Any CPU.ActiveCfg = Debug|Any CPU
		{5FE64D30-9770-4C23-A80A-F583BC9435B1}.Debug|Any CPU.Build.0 = Debug|Any CPU
		{5FE64D30-9770-4C23-A80A-F583BC9435B1}.Release|Any CPU.ActiveCfg = Release|Any CPU
		{5FE64D30-9770-4C23-A80A-F583BC9435B1}.Release|Any CPU.Build.0 = Release|Any CPU
	EndGlobalSection
	GlobalSection(SolutionProperties) = preSolution
		HideSolutionNode = FALSE
	EndGlobalSection
	GlobalSection(ExtensibilityGlobals) = postSolution
		SolutionGuid = {FDBE7100-3964-47A9-909C-01F56651B0D6}
	EndGlobalSection
EndGlobal
